version: 1.0
shards:
  cltk:
    github: ziprandom/cltk
    commit: bdffe14234c215e2657cbcf1f1e53509faeba66c

  crystal-dfa:
    github: ziprandom/crystal-dfa
    commit: 2a9c8233fe1682287a35f1fac30f4092cc2a4382

  cute:
    github: Papierkorb/cute
    version: 0.3.1

  fancyline:
    github: Papierkorb/fancyline
    commit: 39098fdc6e5ee6225a9dadecf442cfe7c9888681

  msgpack:
    github: crystal-community/msgpack-crystal
    version: 0.14.2

  readline:
    github: crystal-lang/crystal-readline
    commit: 0fb7d186da8e1b157998d98d1c96e99699b791eb

