version: 1.0
shards:
  cltk:
    github: ziprandom/cltk
    commit: 6fd2b8fc98cc55950bcc57187881b68a6230ebcc

  crystal-dfa:
    github: ziprandom/crystal-dfa
    commit: 6cc295c622226da3e9b2131ab8ce340c5f18ecb1

  cute:
    github: Papierkorb/cute
    version: 0.3.1

  fancyline:
    github: Papierkorb/fancyline
    commit: 2174e500edcb199ecc40caabcc36856f07e7ca27

  msgpack:
    github: benoist/msgpack-crystal
    version: 0.10.0

